
Microsoft Visual Studio Solution File, Format Version 12.00
# Visual Studio 14
VisualStudioVersion = 14.0.23107.0
MinimumVisualStudioVersion = 10.0.40219.1
Project("{FAE04EC0-301F-11D3-BF4B-00C04F79EFBC}") = "tcpform", "tcpform\tcpform.csproj", "{3C159368-69A7-454A-9558-DF8E709B91FE}"
EndProject
Project("{FAE04EC0-301F-11D3-BF4B-00C04F79EFBC}") = "Servidor", "Server\Servidor.csproj", "{08C2E9B4-CA33-4767-9CD4-A46AA1A62DE4}"
EndProject
Project("{FAE04EC0-301F-11D3-BF4B-00C04F79EFBC}") = "Cliente", "Cliente\Cliente.csproj", "{C38F92B3-AD2C-4944-959E-31B88BD6E6E8}"
EndProject
Global
	GlobalSection(SolutionConfigurationPlatforms) = preSolution
		Debug|Any CPU = Debug|Any CPU
		Release|Any CPU = Release|Any CPU
	EndGlobalSection
	GlobalSection(ProjectConfigurationPlatforms) = postSolution
		{3C159368-69A7-454A-9558-DF8E709B91FE}.Debug|Any CPU.ActiveCfg = Debug|Any CPU
		{3C159368-69A7-454A-9558-DF8E709B91FE}.Debug|Any CPU.Build.0 = Debug|Any CPU
		{3C159368-69A7-454A-9558-DF8E709B91FE}.Release|Any CPU.ActiveCfg = Release|Any CPU
		{3C159368-69A7-454A-9558-DF8E709B91FE}.Release|Any CPU.Build.0 = Release|Any CPU
		{08C2E9B4-CA33-4767-9CD4-A46AA1A62DE4}.Debug|Any CPU.ActiveCfg = Debug|Any CPU
		{08C2E9B4-CA33-4767-9CD4-A46AA1A62DE4}.Debug|Any CPU.Build.0 = Debug|Any CPU
		{08C2E9B4-CA33-4767-9CD4-A46AA1A62DE4}.Release|Any CPU.ActiveCfg = Release|Any CPU
		{08C2E9B4-CA33-4767-9CD4-A46AA1A62DE4}.Release|Any CPU.Build.0 = Release|Any CPU
		{C38F92B3-AD2C-4944-959E-31B88BD6E6E8}.Debug|Any CPU.ActiveCfg = Debug|Any CPU
		{C38F92B3-AD2C-4944-959E-31B88BD6E6E8}.Debug|Any CPU.Build.0 = Debug|Any CPU
		{C38F92B3-AD2C-4944-959E-31B88BD6E6E8}.Release|Any CPU.ActiveCfg = Release|Any CPU
		{C38F92B3-AD2C-4944-959E-31B88BD6E6E8}.Release|Any CPU.Build.0 = Release|Any CPU
	EndGlobalSection
	GlobalSection(SolutionProperties) = preSolution
		HideSolutionNode = FALSE
	EndGlobalSection
EndGlobal
